// !$*UTF8*$!
{
	archiveVersion = 1;
	classes = {
	};
	objectVersion = 50;
	objects = {

/* Begin PBXBuildFile section */
		8C18D58621ED001D00ECE64F /* AppDelegate.swift in Sources */ = {isa = PBXBuildFile; fileRef = 8C18D58521ED001D00ECE64F /* AppDelegate.swift */; };
		8C18D58B21ED001D00ECE64F /* Main.storyboard in Resources */ = {isa = PBXBuildFile; fileRef = 8C18D58921ED001D00ECE64F /* Main.storyboard */; };
		8C18D58D21ED001F00ECE64F /* Assets.xcassets in Resources */ = {isa = PBXBuildFile; fileRef = 8C18D58C21ED001F00ECE64F /* Assets.xcassets */; };
		8C18D59021ED001F00ECE64F /* LaunchScreen.storyboard in Resources */ = {isa = PBXBuildFile; fileRef = 8C18D58E21ED001F00ECE64F /* LaunchScreen.storyboard */; };
		8C18D59821ED006100ECE64F /* VideoListScreen.swift in Sources */ = {isa = PBXBuildFile; fileRef = 8C18D59721ED006100ECE64F /* VideoListScreen.swift */; };
		8C18D59A21ED02EA00ECE64F /* VideoCell.swift in Sources */ = {isa = PBXBuildFile; fileRef = 8C18D59921ED02EA00ECE64F /* VideoCell.swift */; };
		8C18D59E21ED03ED00ECE64F /* Video.swift in Sources */ = {isa = PBXBuildFile; fileRef = 8C18D59D21ED03ED00ECE64F /* Video.swift */; };
		8C18D5A021ED166200ECE64F /* VideoButtons.swift in Sources */ = {isa = PBXBuildFile; fileRef = 8C18D59F21ED166200ECE64F /* VideoButtons.swift */; };
		8C18D5A321ED2A9700ECE64F /* DetailViewController.swift in Sources */ = {isa = PBXBuildFile; fileRef = 8C18D5A221ED2A9700ECE64F /* DetailViewController.swift */; };
/* End PBXBuildFile section */

/* Begin PBXFileReference section */
		8C18D58221ED001D00ECE64F /* UITableView For Beginners.app */ = {isa = PBXFileReference; explicitFileType = wrapper.application; includeInIndex = 0; path = "UITableView For Beginners.app"; sourceTree = BUILT_PRODUCTS_DIR; };
		8C18D58521ED001D00ECE64F /* AppDelegate.swift */ = {isa = PBXFileReference; lastKnownFileType = sourcecode.swift; path = AppDelegate.swift; sourceTree = "<group>"; };
		8C18D58A21ED001D00ECE64F /* Base */ = {isa = PBXFileReference; lastKnownFileType = file.storyboard; name = Base; path = Base.lproj/Main.storyboard; sourceTree = "<group>"; };
		8C18D58C21ED001F00ECE64F /* Assets.xcassets */ = {isa = PBXFileReference; lastKnownFileType = folder.assetcatalog; path = Assets.xcassets; sourceTree = "<group>"; };
		8C18D58F21ED001F00ECE64F /* Base */ = {isa = PBXFileReference; lastKnownFileType = file.storyboard; name = Base; path = Base.lproj/LaunchScreen.storyboard; sourceTree = "<group>"; };
		8C18D59121ED001F00ECE64F /* Info.plist */ = {isa = PBXFileReference; lastKnownFileType = text.plist.xml; path = Info.plist; sourceTree = "<group>"; };
		8C18D59721ED006100ECE64F /* VideoListScreen.swift */ = {isa = PBXFileReference; lastKnownFileType = sourcecode.swift; path = VideoListScreen.swift; sourceTree = "<group>"; };
		8C18D59921ED02EA00ECE64F /* VideoCell.swift */ = {isa = PBXFileReference; lastKnownFileType = sourcecode.swift; path = VideoCell.swift; sourceTree = "<group>"; };
		8C18D59D21ED03ED00ECE64F /* Video.swift */ = {isa = PBXFileReference; lastKnownFileType = sourcecode.swift; path = Video.swift; sourceTree = "<group>"; };
		8C18D59F21ED166200ECE64F /* VideoButtons.swift */ = {isa = PBXFileReference; lastKnownFileType = sourcecode.swift; path = VideoButtons.swift; sourceTree = "<group>"; };
		8C18D5A221ED2A9700ECE64F /* DetailViewController.swift */ = {isa = PBXFileReference; lastKnownFileType = sourcecode.swift; path = DetailViewController.swift; sourceTree = "<group>"; };
/* End PBXFileReference section */

/* Begin PBXFrameworksBuildPhase section */
		8C18D57F21ED001D00ECE64F /* Frameworks */ = {
			isa = PBXFrameworksBuildPhase;
			buildActionMask = 2147483647;
			files = (
			);
			runOnlyForDeploymentPostprocessing = 0;
		};
/* End PBXFrameworksBuildPhase section */

/* Begin PBXGroup section */
		8C18D57921ED001D00ECE64F = {
			isa = PBXGroup;
			children = (
				8C18D58421ED001D00ECE64F /* UITableView For Beginners */,
				8C18D58321ED001D00ECE64F /* Products */,
			);
			sourceTree = "<group>";
		};
		8C18D58321ED001D00ECE64F /* Products */ = {
			isa = PBXGroup;
			children = (
				8C18D58221ED001D00ECE64F /* UITableView For Beginners.app */,
			);
			name = Products;
			sourceTree = "<group>";
		};
		8C18D58421ED001D00ECE64F /* UITableView For Beginners */ = {
			isa = PBXGroup;
			children = (
				8C18D58521ED001D00ECE64F /* AppDelegate.swift */,
				8C18D58921ED001D00ECE64F /* Main.storyboard */,
				8C18D59B21ED02F900ECE64F /* Controllers */,
				8C18D59C21ED030200ECE64F /* Cells */,
				8C18D58C21ED001F00ECE64F /* Assets.xcassets */,
				8C18D58E21ED001F00ECE64F /* LaunchScreen.storyboard */,
				8C18D59121ED001F00ECE64F /* Info.plist */,
				8C18D5A121ED18DF00ECE64F /* Classes */,
			);
			path = "UITableView For Beginners";
			sourceTree = "<group>";
		};
		8C18D59B21ED02F900ECE64F /* Controllers */ = {
			isa = PBXGroup;
			children = (
				8C18D59721ED006100ECE64F /* VideoListScreen.swift */,
				8C18D5A221ED2A9700ECE64F /* DetailViewController.swift */,
			);
			path = Controllers;
			sourceTree = "<group>";
		};
		8C18D59C21ED030200ECE64F /* Cells */ = {
			isa = PBXGroup;
			children = (
				8C18D59921ED02EA00ECE64F /* VideoCell.swift */,
			);
			path = Cells;
			sourceTree = "<group>";
		};
		8C18D5A121ED18DF00ECE64F /* Classes */ = {
			isa = PBXGroup;
			children = (
				8C18D59D21ED03ED00ECE64F /* Video.swift */,
				8C18D59F21ED166200ECE64F /* VideoButtons.swift */,
			);
			path = Classes;
			sourceTree = "<group>";
		};
/* End PBXGroup section */

/* Begin PBXNativeTarget section */
		8C18D58121ED001D00ECE64F /* UITableView For Beginners */ = {
			isa = PBXNativeTarget;
			buildConfigurationList = 8C18D59421ED001F00ECE64F /* Build configuration list for PBXNativeTarget "UITableView For Beginners" */;
			buildPhases = (
				8C18D57E21ED001D00ECE64F /* Sources */,
				8C18D57F21ED001D00ECE64F /* Frameworks */,
				8C18D58021ED001D00ECE64F /* Resources */,
			);
			buildRules = (
			);
			dependencies = (
			);
			name = "UITableView For Beginners";
			productName = "UITableView For Beginners";
			productReference = 8C18D58221ED001D00ECE64F /* UITableView For Beginners.app */;
			productType = "com.apple.product-type.application";
		};
/* End PBXNativeTarget section */

/* Begin PBXProject section */
		8C18D57A21ED001D00ECE64F /* Project object */ = {
			isa = PBXProject;
			attributes = {
				LastSwiftUpdateCheck = 1010;
				LastUpgradeCheck = 1010;
				ORGANIZATIONNAME = "Charles Martin Reed";
				TargetAttributes = {
					8C18D58121ED001D00ECE64F = {
						CreatedOnToolsVersion = 10.1;
					};
				};
			};
			buildConfigurationList = 8C18D57D21ED001D00ECE64F /* Build configuration list for PBXProject "UITableView For Beginners" */;
			compatibilityVersion = "Xcode 9.3";
			developmentRegion = en;
			hasScannedForEncodings = 0;
			knownRegions = (
				en,
				Base,
			);
			mainGroup = 8C18D57921ED001D00ECE64F;
			productRefGroup = 8C18D58321ED001D00ECE64F /* Products */;
			projectDirPath = "";
			projectRoot = "";
			targets = (
				8C18D58121ED001D00ECE64F /* UITableView For Beginners */,
			);
		};
/* End PBXProject section */

/* Begin PBXResourcesBuildPhase section */
		8C18D58021ED001D00ECE64F /* Resources */ = {
			isa = PBXResourcesBuildPhase;
			buildActionMask = 2147483647;
			files = (
				8C18D59021ED001F00ECE64F /* LaunchScreen.storyboard in Resources */,
				8C18D58D21ED001F00ECE64F /* Assets.xcassets in Resources */,
				8C18D58B21ED001D00ECE64F /* Main.storyboard in Resources */,
			);
			runOnlyForDeploymentPostprocessing = 0;
		};
/* End PBXResourcesBuildPhase section */

/* Begin PBXSourcesBuildPhase section */
		8C18D57E21ED001D00ECE64F /* Sources */ = {
			isa = PBXSourcesBuildPhase;
			buildActionMask = 2147483647;
			files = (
				8C18D58621ED001D00ECE64F /* AppDelegate.swift in Sources */,
				8C18D59E21ED03ED00ECE64F /* Video.swift in Sources */,
				8C18D59821ED006100ECE64F /* VideoListScreen.swift in Sources */,
				8C18D5A321ED2A9700ECE64F /* DetailViewController.swift in Sources */,
				8C18D59A21ED02EA00ECE64F /* VideoCell.swift in Sources */,
				8C18D5A021ED166200ECE64F /* VideoButtons.swift in Sources */,
			);
			runOnlyForDeploymentPostprocessing = 0;
		};
/* End PBXSourcesBuildPhase section */

/* Begin PBXVariantGroup section */
		8C18D58921ED001D00ECE64F /* Main.storyboard */ = {
			isa = PBXVariantGroup;
			children = (
				8C18D58A21ED001D00ECE64F /* Base */,
			);
			name = Main.storyboard;
			sourceTree = "<group>";
		};
		8C18D58E21ED001F00ECE64F /* LaunchScreen.storyboard */ = {
			isa = PBXVariantGroup;
			children = (
				8C18D58F21ED001F00ECE64F /* Base */,
			);
			name = LaunchScreen.storyboard;
			sourceTree = "<group>";
		};
/* End PBXVariantGroup section */

/* Begin XCBuildConfiguration section */
		8C18D59221ED001F00ECE64F /* Debug */ = {
			isa = XCBuildConfiguration;
			buildSettings = {
				ALWAYS_SEARCH_USER_PATHS = NO;
				CLANG_ANALYZER_NONNULL = YES;
				CLANG_ANALYZER_NUMBER_OBJECT_CONVERSION = YES_AGGRESSIVE;
				CLANG_CXX_LANGUAGE_STANDARD = "gnu++14";
				CLANG_CXX_LIBRARY = "libc++";
				CLANG_ENABLE_MODULES = YES;
				CLANG_ENABLE_OBJC_ARC = YES;
				CLANG_ENABLE_OBJC_WEAK = YES;
				CLANG_WARN_BLOCK_CAPTURE_AUTORELEASING = YES;
				CLANG_WARN_BOOL_CONVERSION = YES;
				CLANG_WARN_COMMA = YES;
				CLANG_WARN_CONSTANT_CONVERSION = YES;
				CLANG_WARN_DEPRECATED_OBJC_IMPLEMENTATIONS = YES;
				CLANG_WARN_DIRECT_OBJC_ISA_USAGE = YES_ERROR;
				CLANG_WARN_DOCUMENTATION_COMMENTS = YES;
				CLANG_WARN_EMPTY_BODY = YES;
				CLANG_WARN_ENUM_CONVERSION = YES;
				CLANG_WARN_INFINITE_RECURSION = YES;
				CLANG_WARN_INT_CONVERSION = YES;
				CLANG_WARN_NON_LITERAL_NULL_CONVERSION = YES;
				CLANG_WARN_OBJC_IMPLICIT_RETAIN_SELF = YES;
				CLANG_WARN_OBJC_LITERAL_CONVERSION = YES;
				CLANG_WARN_OBJC_ROOT_CLASS = YES_ERROR;
				CLANG_WARN_RANGE_LOOP_ANALYSIS = YES;
				CLANG_WARN_STRICT_PROTOTYPES = YES;
				CLANG_WARN_SUSPICIOUS_MOVE = YES;
				CLANG_WARN_UNGUARDED_AVAILABILITY = YES_AGGRESSIVE;
				CLANG_WARN_UNREACHABLE_CODE = YES;
				CLANG_WARN__DUPLICATE_METHOD_MATCH = YES;
				CODE_SIGN_IDENTITY = "iPhone Developer";
				COPY_PHASE_STRIP = NO;
				DEBUG_INFORMATION_FORMAT = dwarf;
				ENABLE_STRICT_OBJC_MSGSEND = YES;
				ENABLE_TESTABILITY = YES;
				GCC_C_LANGUAGE_STANDARD = gnu11;
				GCC_DYNAMIC_NO_PIC = NO;
				GCC_NO_COMMON_BLOCKS = YES;
				GCC_OPTIMIZATION_LEVEL = 0;
				GCC_PREPROCESSOR_DEFINITIONS = (
					"DEBUG=1",
					"$(inherited)",
				);
				GCC_WARN_64_TO_32_BIT_CONVERSION = YES;
				GCC_WARN_ABOUT_RETURN_TYPE = YES_ERROR;
				GCC_WARN_UNDECLARED_SELECTOR = YES;
				GCC_WARN_UNINITIALIZED_AUTOS = YES_AGGRESSIVE;
				GCC_WARN_UNUSED_FUNCTION = YES;
				GCC_WARN_UNUSED_VARIABLE = YES;
				IPHONEOS_DEPLOYMENT_TARGET = 12.1;
				MTL_ENABLE_DEBUG_INFO = INCLUDE_SOURCE;
				MTL_FAST_MATH = YES;
				ONLY_ACTIVE_ARCH = YES;
				SDKROOT = iphoneos;
				SWIFT_ACTIVE_COMPILATION_CONDITIONS = DEBUG;
				SWIFT_OPTIMIZATION_LEVEL = "-Onone";
			};
			name = Debug;
		};
		8C18D59321ED001F00ECE64F /* Release */ = {
			isa = XCBuildConfiguration;
			buildSettings = {
				ALWAYS_SEARCH_USER_PATHS = NO;
				CLANG_ANALYZER_NONNULL = YES;
				CLANG_ANALYZER_NUMBER_OBJECT_CONVERSION = YES_AGGRESSIVE;
				CLANG_CXX_LANGUAGE_STANDARD = "gnu++14";
				CLANG_CXX_LIBRARY = "libc++";
				CLANG_ENABLE_MODULES = YES;
				CLANG_ENABLE_OBJC_ARC = YES;
				CLANG_ENABLE_OBJC_WEAK = YES;
				CLANG_WARN_BLOCK_CAPTURE_AUTORELEASING = YES;
				CLANG_WARN_BOOL_CONVERSION = YES;
				CLANG_WARN_COMMA = YES;
				CLANG_WARN_CONSTANT_CONVERSION = YES;
				CLANG_WARN_DEPRECATED_OBJC_IMPLEMENTATIONS = YES;
				CLANG_WARN_DIRECT_OBJC_ISA_USAGE = YES_ERROR;
				CLANG_WARN_DOCUMENTATION_COMMENTS = YES;
				CLANG_WARN_EMPTY_BODY = YES;
				CLANG_WARN_ENUM_CONVERSION = YES;
				CLANG_WARN_INFINITE_RECURSION = YES;
				CLANG_WARN_INT_CONVERSION = YES;
				CLANG_WARN_NON_LITERAL_NULL_CONVERSION = YES;
				CLANG_WARN_OBJC_IMPLICIT_RETAIN_SELF = YES;
				CLANG_WARN_OBJC_LITERAL_CONVERSION = YES;
				CLANG_WARN_OBJC_ROOT_CLASS = YES_ERROR;
				CLANG_WARN_RANGE_LOOP_ANALYSIS = YES;
				CLANG_WARN_STRICT_PROTOTYPES = YES;
				CLANG_WARN_SUSPICIOUS_MOVE = YES;
				CLANG_WARN_UNGUARDED_AVAILABILITY = YES_AGGRESSIVE;
				CLANG_WARN_UNREACHABLE_CODE = YES;
				CLANG_WARN__DUPLICATE_METHOD_MATCH = YES;
				CODE_SIGN_IDENTITY = "iPhone Developer";
				COPY_PHASE_STRIP = NO;
				DEBUG_INFORMATION_FORMAT = "dwarf-with-dsym";
				ENABLE_NS_ASSERTIONS = NO;
				ENABLE_STRICT_OBJC_MSGSEND = YES;
				GCC_C_LANGUAGE_STANDARD = gnu11;
				GCC_NO_COMMON_BLOCKS = YES;
				GCC_WARN_64_TO_32_BIT_CONVERSION = YES;
				GCC_WARN_ABOUT_RETURN_TYPE = YES_ERROR;
				GCC_WARN_UNDECLARED_SELECTOR = YES;
				GCC_WARN_UNINITIALIZED_AUTOS = YES_AGGRESSIVE;
				GCC_WARN_UNUSED_FUNCTION = YES;
				GCC_WARN_UNUSED_VARIABLE = YES;
				IPHONEOS_DEPLOYMENT_TARGET = 12.1;
				MTL_ENABLE_DEBUG_INFO = NO;
				MTL_FAST_MATH = YES;
				SDKROOT = iphoneos;
				SWIFT_COMPILATION_MODE = wholemodule;
				SWIFT_OPTIMIZATION_LEVEL = "-O";
				VALIDATE_PRODUCT = YES;
			};
			name = Release;
		};
		8C18D59521ED001F00ECE64F /* Debug */ = {
			isa = XCBuildConfiguration;
			buildSettings = {
				ASSETCATALOG_COMPILER_APPICON_NAME = AppIcon;
				CODE_SIGN_STYLE = Automatic;
				INFOPLIST_FILE = "UITableView For Beginners/Info.plist";
				LD_RUNPATH_SEARCH_PATHS = (
					"$(inherited)",
					"@executable_path/Frameworks",
				);
				PRODUCT_BUNDLE_IDENTIFIER = "com.charlesmartinreed.UITableView-For-Beginners";
				PRODUCT_NAME = "$(TARGET_NAME)";
				SWIFT_VERSION = 4.2;
				TARGETED_DEVICE_FAMILY = "1,2";
			};
			name = Debug;
		};
		8C18D59621ED001F00ECE64F /* Release */ = {
			isa = XCBuildConfiguration;
			buildSettings = {
				ASSETCATALOG_COMPILER_APPICON_NAME = AppIcon;
				CODE_SIGN_STYLE = Automatic;
				INFOPLIST_FILE = "UITableView For Beginners/Info.plist";
				LD_RUNPATH_SEARCH_PATHS = (
					"$(inherited)",
					"@executable_path/Frameworks",
				);
				PRODUCT_BUNDLE_IDENTIFIER = "com.charlesmartinreed.UITableView-For-Beginners";
				PRODUCT_NAME = "$(TARGET_NAME)";
				SWIFT_VERSION = 4.2;
				TARGETED_DEVICE_FAMILY = "1,2";
			};
			name = Release;
		};
/* End XCBuildConfiguration section */

/* Begin XCConfigurationList section */
		8C18D57D21ED001D00ECE64F /* Build configuration list for PBXProject "UITableView For Beginners" */ = {
			isa = XCConfigurationList;
			buildConfigurations = (
				8C18D59221ED001F00ECE64F /* Debug */,
				8C18D59321ED001F00ECE64F /* Release */,
			);
			defaultConfigurationIsVisible = 0;
			defaultConfigurationName = Release;
		};
		8C18D59421ED001F00ECE64F /* Build configuration list for PBXNativeTarget "UITableView For Beginners" */ = {
			isa = XCConfigurationList;
			buildConfigurations = (
				8C18D59521ED001F00ECE64F /* Debug */,
				8C18D59621ED001F00ECE64F /* Release */,
			);
			defaultConfigurationIsVisible = 0;
			defaultConfigurationName = Release;
		};
/* End XCConfigurationList section */
	};
	rootObject = 8C18D57A21ED001D00ECE64F /* Project object */;
}
